
Microsoft Visual Studio Solution File, Format Version 12.00
# Visual Studio Version 16
VisualStudioVersion = 16.0.31515.178
MinimumVisualStudioVersion = 10.0.40219.1
Project("{9A19103F-16F7-4668-BE54-9A1E7A4F7556}") = "JassBookStore", "JassBookStore\JassBookStore.csproj", "{BF5457F3-9095-48CB-8F5D-AECB9DC87C49}"
EndProject
Project("{FAE04EC0-301F-11D3-BF4B-00C04F79EFBC}") = "JassBooks.DataAccess", "JassBooks.DataAccess\JassBooks.DataAccess.csproj", "{396FD295-DF05-4FB2-BD45-AD5DBA2BD72A}"
EndProject
Project("{FAE04EC0-301F-11D3-BF4B-00C04F79EFBC}") = "JassBooks.Models", "JassBooks.Models\JassBooks.Models.csproj", "{CBE92426-6AA2-4D61-9CB9-EB394B8B3E88}"
EndProject
Project("{FAE04EC0-301F-11D3-BF4B-00C04F79EFBC}") = "JassBooks.Utility", "JassBooks.Utility\JassBooks.Utility.csproj", "{956F8CE9-58E2-4CA5-A907-DF13C3E5D24F}"
EndProject
Global
	GlobalSection(SolutionConfigurationPlatforms) = preSolution
		Debug|Any CPU = Debug|Any CPU
		Release|Any CPU = Release|Any CPU
	EndGlobalSection
	GlobalSection(ProjectConfigurationPlatforms) = postSolution
		{BF5457F3-9095-48CB-8F5D-AECB9DC87C49}.Debug|Any CPU.ActiveCfg = Debug|Any CPU
		{BF5457F3-9095-48CB-8F5D-AECB9DC87C49}.Debug|Any CPU.Build.0 = Debug|Any CPU
		{BF5457F3-9095-48CB-8F5D-AECB9DC87C49}.Release|Any CPU.ActiveCfg = Release|Any CPU
		{BF5457F3-9095-48CB-8F5D-AECB9DC87C49}.Release|Any CPU.Build.0 = Release|Any CPU
		{396FD295-DF05-4FB2-BD45-AD5DBA2BD72A}.Debug|Any CPU.ActiveCfg = Debug|Any CPU
		{396FD295-DF05-4FB2-BD45-AD5DBA2BD72A}.Debug|Any CPU.Build.0 = Debug|Any CPU
		{396FD295-DF05-4FB2-BD45-AD5DBA2BD72A}.Release|Any CPU.ActiveCfg = Release|Any CPU
		{396FD295-DF05-4FB2-BD45-AD5DBA2BD72A}.Release|Any CPU.Build.0 = Release|Any CPU
		{CBE92426-6AA2-4D61-9CB9-EB394B8B3E88}.Debug|Any CPU.ActiveCfg = Debug|Any CPU
		{CBE92426-6AA2-4D61-9CB9-EB394B8B3E88}.Debug|Any CPU.Build.0 = Debug|Any CPU
		{CBE92426-6AA2-4D61-9CB9-EB394B8B3E88}.Release|Any CPU.ActiveCfg = Release|Any CPU
		{CBE92426-6AA2-4D61-9CB9-EB394B8B3E88}.Release|Any CPU.Build.0 = Release|Any CPU
		{956F8CE9-58E2-4CA5-A907-DF13C3E5D24F}.Debug|Any CPU.ActiveCfg = Debug|Any CPU
		{956F8CE9-58E2-4CA5-A907-DF13C3E5D24F}.Debug|Any CPU.Build.0 = Debug|Any CPU
		{956F8CE9-58E2-4CA5-A907-DF13C3E5D24F}.Release|Any CPU.ActiveCfg = Release|Any CPU
		{956F8CE9-58E2-4CA5-A907-DF13C3E5D24F}.Release|Any CPU.Build.0 = Release|Any CPU
	EndGlobalSection
	GlobalSection(SolutionProperties) = preSolution
		HideSolutionNode = FALSE
	EndGlobalSection
	GlobalSection(ExtensibilityGlobals) = postSolution
		SolutionGuid = {31024898-C3A4-4DFE-A935-C403F0D2AC11}
	EndGlobalSection
EndGlobal
